
Microsoft Visual Studio Solution File, Format Version 12.00
# Visual Studio Version 16
VisualStudioVersion = 16.0.32413.511
MinimumVisualStudioVersion = 10.0.40219.1
Project("{FAE04EC0-301F-11D3-BF4B-00C04F79EFBC}") = "EntityFrameworckProcedureCodeFirst", "EntityFrameworckProcedureCodeFirst\EntityFrameworckProcedureCodeFirst.csproj", "{022DF513-2355-4752-8BA2-88E3F959791A}"
EndProject
Global
	GlobalSection(SolutionConfigurationPlatforms) = preSolution
		Debug|Any CPU = Debug|Any CPU
		Release|Any CPU = Release|Any CPU
	EndGlobalSection
	GlobalSection(ProjectConfigurationPlatforms) = postSolution
		{022DF513-2355-4752-8BA2-88E3F959791A}.Debug|Any CPU.ActiveCfg = Debug|Any CPU
		{022DF513-2355-4752-8BA2-88E3F959791A}.Debug|Any CPU.Build.0 = Debug|Any CPU
		{022DF513-2355-4752-8BA2-88E3F959791A}.Release|Any CPU.ActiveCfg = Release|Any CPU
		{022DF513-2355-4752-8BA2-88E3F959791A}.Release|Any CPU.Build.0 = Release|Any CPU
	EndGlobalSection
	GlobalSection(SolutionProperties) = preSolution
		HideSolutionNode = FALSE
	EndGlobalSection
	GlobalSection(ExtensibilityGlobals) = postSolution
		SolutionGuid = {0F53E0F1-E360-4A0A-A05C-91F9D92571FA}
	EndGlobalSection
EndGlobal
